
Microsoft Visual Studio Solution File, Format Version 12.00
# Visual Studio Version 17
VisualStudioVersion = 17.7.34221.43
MinimumVisualStudioVersion = 10.0.40219.1
Project("{FAE04EC0-301F-11D3-BF4B-00C04F79EFBC}") = "BookStoreApi", "BookStoreApi.csproj", "{F2080651-048B-438F-BEEF-1B2763F3D414}"
EndProject
Global
	GlobalSection(SolutionConfigurationPlatforms) = preSolution
		Debug|Any CPU = Debug|Any CPU
		Release|Any CPU = Release|Any CPU
	EndGlobalSection
	GlobalSection(ProjectConfigurationPlatforms) = postSolution
		{F2080651-048B-438F-BEEF-1B2763F3D414}.Debug|Any CPU.ActiveCfg = Debug|Any CPU
		{F2080651-048B-438F-BEEF-1B2763F3D414}.Debug|Any CPU.Build.0 = Debug|Any CPU
		{F2080651-048B-438F-BEEF-1B2763F3D414}.Release|Any CPU.ActiveCfg = Release|Any CPU
		{F2080651-048B-438F-BEEF-1B2763F3D414}.Release|Any CPU.Build.0 = Release|Any CPU
	EndGlobalSection
	GlobalSection(SolutionProperties) = preSolution
		HideSolutionNode = FALSE
	EndGlobalSection
	GlobalSection(ExtensibilityGlobals) = postSolution
		SolutionGuid = {412E3E80-56D2-452D-9747-AD1D9952126D}
	EndGlobalSection
EndGlobal
